
Microsoft Visual Studio Solution File, Format Version 12.00
# Visual Studio Version 17
VisualStudioVersion = 17.0.31903.59
MinimumVisualStudioVersion = 10.0.40219.1
Project("{2150E333-8FDC-42A3-9474-1A3956D46DE8}") = "src", "src", "{E956A09D-5BB1-42FB-9540-67C790B86D07}"
EndProject
Project("{FAE04EC0-301F-11D3-BF4B-00C04F79EFBC}") = "AppStore", "src\AppStore\AppStore.csproj", "{2AB9439A-E793-49D5-B995-5D70DCACF64F}"
EndProject
Global
	GlobalSection(SolutionConfigurationPlatforms) = preSolution
		Debug|Any CPU = Debug|Any CPU
		Release|Any CPU = Release|Any CPU
	EndGlobalSection
	GlobalSection(SolutionProperties) = preSolution
		HideSolutionNode = FALSE
	EndGlobalSection
	GlobalSection(ProjectConfigurationPlatforms) = postSolution
		{2AB9439A-E793-49D5-B995-5D70DCACF64F}.Debug|Any CPU.ActiveCfg = Debug|Any CPU
		{2AB9439A-E793-49D5-B995-5D70DCACF64F}.Debug|Any CPU.Build.0 = Debug|Any CPU
		{2AB9439A-E793-49D5-B995-5D70DCACF64F}.Release|Any CPU.ActiveCfg = Release|Any CPU
		{2AB9439A-E793-49D5-B995-5D70DCACF64F}.Release|Any CPU.Build.0 = Release|Any CPU
	EndGlobalSection
	GlobalSection(NestedProjects) = preSolution
		{2AB9439A-E793-49D5-B995-5D70DCACF64F} = {E956A09D-5BB1-42FB-9540-67C790B86D07}
	EndGlobalSection
EndGlobal
